Microsoft Visual Studio Solution File, Format Version 12.00
# Visual Studio Version 17
VisualStudioVersion = 17.5.2.0
MinimumVisualStudioVersion = 10.0.40219.1
Project("{FAE04EC0-301F-11D3-BF4B-00C04F79EFBC}") = "MonoGameEngine", "MonoGameEngine.csproj", "{51D1EDEE-5A5E-FD04-59CF-A5AA8A5D70B0}"
EndProject
Global
	GlobalSection(SolutionConfigurationPlatforms) = preSolution
		Debug|Any CPU = Debug|Any CPU
		Release|Any CPU = Release|Any CPU
	EndGlobalSection
	GlobalSection(ProjectConfigurationPlatforms) = postSolution
		{51D1EDEE-5A5E-FD04-59CF-A5AA8A5D70B0}.Debug|Any CPU.ActiveCfg = Debug|Any CPU
		{51D1EDEE-5A5E-FD04-59CF-A5AA8A5D70B0}.Debug|Any CPU.Build.0 = Debug|Any CPU
		{51D1EDEE-5A5E-FD04-59CF-A5AA8A5D70B0}.Release|Any CPU.ActiveCfg = Release|Any CPU
		{51D1EDEE-5A5E-FD04-59CF-A5AA8A5D70B0}.Release|Any CPU.Build.0 = Release|Any CPU
	EndGlobalSection
	GlobalSection(SolutionProperties) = preSolution
		HideSolutionNode = FALSE
	EndGlobalSection
	GlobalSection(ExtensibilityGlobals) = postSolution
		SolutionGuid = {5D223FEC-1B4D-4E8F-A0B7-39C74289467A}
	EndGlobalSection
EndGlobal
